
Microsoft Visual Studio Solution File, Format Version 12.00
# Visual Studio Version 16
VisualStudioVersion = 16.0.29613.14
MinimumVisualStudioVersion = 10.0.40219.1
Project("{FAE04EC0-301F-11D3-BF4B-00C04F79EFBC}") = "Verbum", "Verbum\Verbum.csproj", "{5C0ADCD5-729A-48A5-A73D-D73D2DB64347}"
EndProject
Global
	GlobalSection(SolutionConfigurationPlatforms) = preSolution
		Debug|Any CPU = Debug|Any CPU
		Release|Any CPU = Release|Any CPU
	EndGlobalSection
	GlobalSection(ProjectConfigurationPlatforms) = postSolution
		{5C0ADCD5-729A-48A5-A73D-D73D2DB64347}.Debug|Any CPU.ActiveCfg = Debug|Any CPU
		{5C0ADCD5-729A-48A5-A73D-D73D2DB64347}.Debug|Any CPU.Build.0 = Debug|Any CPU
		{5C0ADCD5-729A-48A5-A73D-D73D2DB64347}.Release|Any CPU.ActiveCfg = Release|Any CPU
		{5C0ADCD5-729A-48A5-A73D-D73D2DB64347}.Release|Any CPU.Build.0 = Release|Any CPU
	EndGlobalSection
	GlobalSection(SolutionProperties) = preSolution
		HideSolutionNode = FALSE
	EndGlobalSection
	GlobalSection(ExtensibilityGlobals) = postSolution
		SolutionGuid = {BF1D9A64-0135-4451-BF73-001E6FF0C7B0}
	EndGlobalSection
EndGlobal
