Microsoft Visual Studio Solution File, Format Version 12.00
# Visual Studio 15
VisualStudioVersion = 15.0.26730.12
MinimumVisualStudioVersion = 10.0.40219.1
Project("{FAE04EC0-301F-11D3-BF4B-00C04F79EFBC}") = "PageLayout", "PageLayout\PageLayout.csproj", "{95D26306-E363-4BAB-964D-0FB41BC87169}"
EndProject
Global
	GlobalSection(SolutionConfigurationPlatforms) = preSolution
		Debug|Any CPU = Debug|Any CPU
		Release|Any CPU = Release|Any CPU
	EndGlobalSection
	GlobalSection(ProjectConfigurationPlatforms) = postSolution
		{95D26306-E363-4BAB-964D-0FB41BC87169}.Debug|Any CPU.ActiveCfg = Debug|Any CPU
		{95D26306-E363-4BAB-964D-0FB41BC87169}.Debug|Any CPU.Build.0 = Debug|Any CPU
		{95D26306-E363-4BAB-964D-0FB41BC87169}.Release|Any CPU.ActiveCfg = Release|Any CPU
		{95D26306-E363-4BAB-964D-0FB41BC87169}.Release|Any CPU.Build.0 = Release|Any CPU
	EndGlobalSection
	GlobalSection(SolutionProperties) = preSolution
		HideSolutionNode = FALSE
	EndGlobalSection
	GlobalSection(ExtensibilityGlobals) = postSolution
		SolutionGuid = {B2EE0DCD-31D2-4BAE-A830-08BC4E11167C}
	EndGlobalSection
EndGlobal
