Microsoft Visual Studio Solution File, Format Version 11.00
# Visual Studio 2010
Project("{F184B08F-C81C-45F6-A57F-5ABD9991F28F}") = "RichEditCommandExample", "RichEditCommandExample\RichEditCommandExample.vbproj", "{ECEC6C5D-A5FB-4957-9114-DF315E119159}"
	ProjectSection(WebsiteProperties) = preProject
		Debug.AspNetCompiler.Debug = "True"
		Release.AspNetCompiler.Debug = "False"
	TargetFrameworkMoniker = ".NETFramework,Version%3Dv4.0"
EndProjectSection
EndProject
Global
	GlobalSection(SolutionConfigurationPlatforms) = preSolution
		Debug|Any CPU = Debug|Any CPU
		Release|Any CPU = Release|Any CPU
	EndGlobalSection
	GlobalSection(ProjectConfigurationPlatforms) = postSolution
		{ECEC6C5D-A5FB-4957-9114-DF315E119159}.Debug|Any CPU.ActiveCfg = Debug|Any CPU
		{ECEC6C5D-A5FB-4957-9114-DF315E119159}.Debug|Any CPU.Build.0 = Debug|Any CPU
		{ECEC6C5D-A5FB-4957-9114-DF315E119159}.Release|Any CPU.ActiveCfg = Release|Any CPU
		{ECEC6C5D-A5FB-4957-9114-DF315E119159}.Release|Any CPU.Build.0 = Release|Any CPU
	EndGlobalSection
	GlobalSection(SolutionProperties) = preSolution
		HideSolutionNode = FALSE
	EndGlobalSection
EndGlobal
