
Microsoft Visual Studio Solution File, Format Version 11.00
# Visual Studio 2010
Project("{FAE04EC0-301F-11D3-BF4B-00C04F79EFBC}") = "Verbum", "Verbum\Verbum.csproj", "{614ADC73-95E7-4022-A64A-3B1D1AD6401E}"
EndProject
Project("{6141683F-8A12-4E36-9623-2EB02B2C2303}") = "Verbum Install", "Verbum Install\Verbum Install.isproj", "{BDBFBFF5-5C2B-4C7C-B78A-1B94F7841187}"
EndProject
Global
	GlobalSection(SolutionConfigurationPlatforms) = preSolution
		CD_ROM|x86 = CD_ROM|x86
		Debug|x86 = Debug|x86
		DVD-5|x86 = DVD-5|x86
		Release|x86 = Release|x86
		SingleImage|x86 = SingleImage|x86
	EndGlobalSection
	GlobalSection(ProjectConfigurationPlatforms) = postSolution
		{614ADC73-95E7-4022-A64A-3B1D1AD6401E}.CD_ROM|x86.ActiveCfg = Release|x86
		{614ADC73-95E7-4022-A64A-3B1D1AD6401E}.CD_ROM|x86.Build.0 = Release|x86
		{614ADC73-95E7-4022-A64A-3B1D1AD6401E}.Debug|x86.ActiveCfg = Release|x86
		{614ADC73-95E7-4022-A64A-3B1D1AD6401E}.Debug|x86.Build.0 = Release|x86
		{614ADC73-95E7-4022-A64A-3B1D1AD6401E}.DVD-5|x86.ActiveCfg = Debug|x86
		{614ADC73-95E7-4022-A64A-3B1D1AD6401E}.DVD-5|x86.Build.0 = Debug|x86
		{614ADC73-95E7-4022-A64A-3B1D1AD6401E}.Release|x86.ActiveCfg = Release|x86
		{614ADC73-95E7-4022-A64A-3B1D1AD6401E}.Release|x86.Build.0 = Release|x86
		{614ADC73-95E7-4022-A64A-3B1D1AD6401E}.SingleImage|x86.ActiveCfg = Release|x86
		{614ADC73-95E7-4022-A64A-3B1D1AD6401E}.SingleImage|x86.Build.0 = Release|x86
		{BDBFBFF5-5C2B-4C7C-B78A-1B94F7841187}.CD_ROM|x86.ActiveCfg = CD_ROM
		{BDBFBFF5-5C2B-4C7C-B78A-1B94F7841187}.CD_ROM|x86.Build.0 = CD_ROM
		{BDBFBFF5-5C2B-4C7C-B78A-1B94F7841187}.Debug|x86.ActiveCfg = DVD-5
		{BDBFBFF5-5C2B-4C7C-B78A-1B94F7841187}.Debug|x86.Build.0 = DVD-5
		{BDBFBFF5-5C2B-4C7C-B78A-1B94F7841187}.DVD-5|x86.ActiveCfg = DVD-5
		{BDBFBFF5-5C2B-4C7C-B78A-1B94F7841187}.DVD-5|x86.Build.0 = DVD-5
		{BDBFBFF5-5C2B-4C7C-B78A-1B94F7841187}.Release|x86.ActiveCfg = SingleImage
		{BDBFBFF5-5C2B-4C7C-B78A-1B94F7841187}.Release|x86.Build.0 = SingleImage
		{BDBFBFF5-5C2B-4C7C-B78A-1B94F7841187}.SingleImage|x86.ActiveCfg = SingleImage
		{BDBFBFF5-5C2B-4C7C-B78A-1B94F7841187}.SingleImage|x86.Build.0 = SingleImage
	EndGlobalSection
	GlobalSection(SolutionProperties) = preSolution
		HideSolutionNode = FALSE
	EndGlobalSection
EndGlobal
