Microsoft Visual Studio Solution File, Format Version 12.00
# Visual Studio Version 16
VisualStudioVersion = 16.0.29709.97
MinimumVisualStudioVersion = 10.0.40219.1
Project("{F184B08F-C81C-45F6-A57F-5ABD9991F28F}") = "CustomDiagramToolboxExample", "CustomDiagramToolboxExample\CustomDiagramToolboxExample.vbproj", "{445BD93A-6D31-4C4A-BAF6-235088F53B9B}"
EndProject
Global
	GlobalSection(SolutionConfigurationPlatforms) = preSolution
		Debug|Any CPU = Debug|Any CPU
		Release|Any CPU = Release|Any CPU
	EndGlobalSection
	GlobalSection(ProjectConfigurationPlatforms) = postSolution
		{445BD93A-6D31-4C4A-BAF6-235088F53B9B}.Debug|Any CPU.ActiveCfg = Debug|Any CPU
		{445BD93A-6D31-4C4A-BAF6-235088F53B9B}.Debug|Any CPU.Build.0 = Debug|Any CPU
		{445BD93A-6D31-4C4A-BAF6-235088F53B9B}.Release|Any CPU.ActiveCfg = Release|Any CPU
		{445BD93A-6D31-4C4A-BAF6-235088F53B9B}.Release|Any CPU.Build.0 = Release|Any CPU
	EndGlobalSection
	GlobalSection(SolutionProperties) = preSolution
		HideSolutionNode = FALSE
	EndGlobalSection
	GlobalSection(ExtensibilityGlobals) = postSolution
		SolutionGuid = {3F63B8A4-700F-48EC-9935-09BECFCAAF27}
	EndGlobalSection
EndGlobal
