Microsoft Visual Studio Solution File, Format Version 12.00
# Visual Studio 2012
Project("{FAE04EC0-301F-11D3-BF4B-00C04F79EFBC}") = "LinkUpdater", "LinkUpdater\LinkUpdater.csproj", "{4513CD87-D74B-4415-99E4-9F66A5A34080}"
EndProject
Global
	GlobalSection(SolutionConfigurationPlatforms) = preSolution
		Debug|Any CPU = Debug|Any CPU
		Release|Any CPU = Release|Any CPU
	EndGlobalSection
	GlobalSection(ProjectConfigurationPlatforms) = postSolution
		{4513CD87-D74B-4415-99E4-9F66A5A34080}.Debug|Any CPU.ActiveCfg = Debug|Any CPU
		{4513CD87-D74B-4415-99E4-9F66A5A34080}.Debug|Any CPU.Build.0 = Debug|Any CPU
		{4513CD87-D74B-4415-99E4-9F66A5A34080}.Release|Any CPU.ActiveCfg = Release|Any CPU
		{4513CD87-D74B-4415-99E4-9F66A5A34080}.Release|Any CPU.Build.0 = Release|Any CPU
	EndGlobalSection
	GlobalSection(SolutionProperties) = preSolution
		HideSolutionNode = FALSE
	EndGlobalSection
EndGlobal
