
Microsoft Visual Studio Solution File, Format Version 12.00
# Visual Studio 15
VisualStudioVersion = 15.0.28307.106
MinimumVisualStudioVersion = 10.0.40219.1
Project("{FAE04EC0-301F-11D3-BF4B-00C04F79EFBC}") = "DXRichEdit", "DXRichEdit\DXRichEdit.csproj", "{D8280390-CAC6-4AF6-B35A-DB961FBD7469}"
EndProject
Global
	GlobalSection(SolutionConfigurationPlatforms) = preSolution
		Debug|Any CPU = Debug|Any CPU
		Release|Any CPU = Release|Any CPU
	EndGlobalSection
	GlobalSection(ProjectConfigurationPlatforms) = postSolution
		{D8280390-CAC6-4AF6-B35A-DB961FBD7469}.Debug|Any CPU.ActiveCfg = Debug|Any CPU
		{D8280390-CAC6-4AF6-B35A-DB961FBD7469}.Debug|Any CPU.Build.0 = Debug|Any CPU
		{D8280390-CAC6-4AF6-B35A-DB961FBD7469}.Release|Any CPU.ActiveCfg = Release|Any CPU
		{D8280390-CAC6-4AF6-B35A-DB961FBD7469}.Release|Any CPU.Build.0 = Release|Any CPU
	EndGlobalSection
	GlobalSection(SolutionProperties) = preSolution
		HideSolutionNode = FALSE
	EndGlobalSection
	GlobalSection(ExtensibilityGlobals) = postSolution
		SolutionGuid = {A187B8D4-E8D8-4952-B52E-92D6F28EC546}
	EndGlobalSection
EndGlobal
