
Microsoft Visual Studio Solution File, Format Version 12.00
# Visual Studio Version 16
VisualStudioVersion = 16.0.29613.14
MinimumVisualStudioVersion = 10.0.40219.1
Project("{FAE04EC0-301F-11D3-BF4B-00C04F79EFBC}") = "Sheets", "Sheets\Sheets.csproj", "{2D171631-839E-49BA-81CB-20B383D5D629}"
EndProject
Global
	GlobalSection(SolutionConfigurationPlatforms) = preSolution
		Debug|Any CPU = Debug|Any CPU
		Release|Any CPU = Release|Any CPU
	EndGlobalSection
	GlobalSection(ProjectConfigurationPlatforms) = postSolution
		{2D171631-839E-49BA-81CB-20B383D5D629}.Debug|Any CPU.ActiveCfg = Debug|Any CPU
		{2D171631-839E-49BA-81CB-20B383D5D629}.Debug|Any CPU.Build.0 = Debug|Any CPU
		{2D171631-839E-49BA-81CB-20B383D5D629}.Release|Any CPU.ActiveCfg = Release|Any CPU
		{2D171631-839E-49BA-81CB-20B383D5D629}.Release|Any CPU.Build.0 = Release|Any CPU
	EndGlobalSection
	GlobalSection(SolutionProperties) = preSolution
		HideSolutionNode = FALSE
	EndGlobalSection
	GlobalSection(ExtensibilityGlobals) = postSolution
		SolutionGuid = {BF1D9A64-0135-4451-BF73-001E6FF0C7B0}
	EndGlobalSection
EndGlobal
