
Microsoft Visual Studio Solution File, Format Version 11.00
# Visual Studio 2010
Project("{FAE04EC0-301F-11D3-BF4B-00C04F79EFBC}") = "Verbum", "Verbum\Verbum.csproj", "{F9F61D21-031A-4EEF-B76A-04663625E25E}"
EndProject
Project("{FAE04EC0-301F-11D3-BF4B-00C04F79EFBC}") = "SplashScreen", "SplashScreen\SplashScreen.csproj", "{E9A61E6B-2C6D-440F-AE57-3CD4960B05BB}"
EndProject
Global
	GlobalSection(SolutionConfigurationPlatforms) = preSolution
		Debug|Any CPU = Debug|Any CPU
		Release|Any CPU = Release|Any CPU
	EndGlobalSection
	GlobalSection(ProjectConfigurationPlatforms) = postSolution
		{F9F61D21-031A-4EEF-B76A-04663625E25E}.Debug|Any CPU.ActiveCfg = Debug|Any CPU
		{F9F61D21-031A-4EEF-B76A-04663625E25E}.Debug|Any CPU.Build.0 = Debug|Any CPU
		{F9F61D21-031A-4EEF-B76A-04663625E25E}.Release|Any CPU.ActiveCfg = Release|Any CPU
		{F9F61D21-031A-4EEF-B76A-04663625E25E}.Release|Any CPU.Build.0 = Release|Any CPU
		{E9A61E6B-2C6D-440F-AE57-3CD4960B05BB}.Debug|Any CPU.ActiveCfg = Debug|Any CPU
		{E9A61E6B-2C6D-440F-AE57-3CD4960B05BB}.Debug|Any CPU.Build.0 = Debug|Any CPU
		{E9A61E6B-2C6D-440F-AE57-3CD4960B05BB}.Release|Any CPU.ActiveCfg = Release|Any CPU
		{E9A61E6B-2C6D-440F-AE57-3CD4960B05BB}.Release|Any CPU.Build.0 = Release|Any CPU
	EndGlobalSection
	GlobalSection(SolutionProperties) = preSolution
		HideSolutionNode = FALSE
	EndGlobalSection
EndGlobal
