Microsoft Visual Studio Solution File, Format Version 12.00
# Visual Studio 14
VisualStudioVersion = 14.0.24720.0
MinimumVisualStudioVersion = 10.0.40219.1
Project("{FAE04EC0-301F-11D3-BF4B-00C04F79EFBC}") = "XtraDiagram.CreateCustomContainers", "XtraDiagram.CreateCustomContainers\XtraDiagram.CreateCustomContainers.csproj", "{912B1329-5D89-44CA-9BB8-BA78AB83B035}"
EndProject
Global
	GlobalSection(SolutionConfigurationPlatforms) = preSolution
		Debug|Any CPU = Debug|Any CPU
		Release|Any CPU = Release|Any CPU
	EndGlobalSection
	GlobalSection(ProjectConfigurationPlatforms) = postSolution
		{912B1329-5D89-44CA-9BB8-BA78AB83B035}.Debug|Any CPU.ActiveCfg = Debug|Any CPU
		{912B1329-5D89-44CA-9BB8-BA78AB83B035}.Debug|Any CPU.Build.0 = Debug|Any CPU
		{912B1329-5D89-44CA-9BB8-BA78AB83B035}.Release|Any CPU.ActiveCfg = Release|Any CPU
		{912B1329-5D89-44CA-9BB8-BA78AB83B035}.Release|Any CPU.Build.0 = Release|Any CPU
	EndGlobalSection
	GlobalSection(SolutionProperties) = preSolution
		HideSolutionNode = FALSE
	EndGlobalSection
EndGlobal
