Microsoft Visual Studio Solution File, Format Version 12.00
# Visual Studio Version 16
VisualStudioVersion = 16.0.30011.22
MinimumVisualStudioVersion = 10.0.40219.1
Project("{FAE04EC0-301F-11D3-BF4B-00C04F79EFBC}") = "RichEditTOCGeneration", "RichEditTOCGeneration.csproj", "{3B6F33E8-5B86-4CE0-804B-8671F98E995B}"
EndProject
Global
	GlobalSection(SolutionConfigurationPlatforms) = preSolution
		Debug|Any CPU = Debug|Any CPU
		Release|Any CPU = Release|Any CPU
	EndGlobalSection
	GlobalSection(ProjectConfigurationPlatforms) = postSolution
		{3B6F33E8-5B86-4CE0-804B-8671F98E995B}.Debug|Any CPU.ActiveCfg = Debug|Any CPU
		{3B6F33E8-5B86-4CE0-804B-8671F98E995B}.Debug|Any CPU.Build.0 = Debug|Any CPU
		{3B6F33E8-5B86-4CE0-804B-8671F98E995B}.Release|Any CPU.ActiveCfg = Release|Any CPU
		{3B6F33E8-5B86-4CE0-804B-8671F98E995B}.Release|Any CPU.Build.0 = Release|Any CPU
	EndGlobalSection
	GlobalSection(SolutionProperties) = preSolution
		HideSolutionNode = FALSE
	EndGlobalSection
	GlobalSection(ExtensibilityGlobals) = postSolution
		SolutionGuid = {5F64D5BD-E0B4-4249-AA23-C72819E202E6}
	EndGlobalSection
EndGlobal
