Microsoft Visual Studio Solution File, Format Version 11.00
# Visual Studio 2010
Project("{FAE04EC0-301F-11D3-BF4B-00C04F79EFBC}") = "DXApplication15", "DXApplication15\DXApplication15.csproj", "{DEEFF005-101D-44DA-852C-1BCE9D353656}"
EndProject
Global
	GlobalSection(SolutionConfigurationPlatforms) = preSolution
		Debug|Any CPU = Debug|Any CPU
		Release|Any CPU = Release|Any CPU
	EndGlobalSection
	GlobalSection(ProjectConfigurationPlatforms) = postSolution
		{DEEFF005-101D-44DA-852C-1BCE9D353656}.Debug|Any CPU.ActiveCfg = Debug|Any CPU
		{DEEFF005-101D-44DA-852C-1BCE9D353656}.Debug|Any CPU.Build.0 = Debug|Any CPU
		{DEEFF005-101D-44DA-852C-1BCE9D353656}.Release|Any CPU.ActiveCfg = Release|Any CPU
		{DEEFF005-101D-44DA-852C-1BCE9D353656}.Release|Any CPU.Build.0 = Release|Any CPU
	EndGlobalSection
	GlobalSection(SolutionProperties) = preSolution
		HideSolutionNode = FALSE
	EndGlobalSection
EndGlobal
