
Microsoft Visual Studio Solution File, Format Version 12.00
# Visual Studio 15
VisualStudioVersion = 15.0.28307.106
MinimumVisualStudioVersion = 10.0.40219.1
Project("{FAE04EC0-301F-11D3-BF4B-00C04F79EFBC}") = "XtraRichEdit", "XtraRichEdit\XtraRichEdit.csproj", "{646B8ACE-F3DC-4EAF-9B09-D34B3FD28F78}"
EndProject
Global
	GlobalSection(SolutionConfigurationPlatforms) = preSolution
		Debug|Any CPU = Debug|Any CPU
		Release|Any CPU = Release|Any CPU
	EndGlobalSection
	GlobalSection(ProjectConfigurationPlatforms) = postSolution
		{646B8ACE-F3DC-4EAF-9B09-D34B3FD28F78}.Debug|Any CPU.ActiveCfg = Debug|Any CPU
		{646B8ACE-F3DC-4EAF-9B09-D34B3FD28F78}.Debug|Any CPU.Build.0 = Debug|Any CPU
		{646B8ACE-F3DC-4EAF-9B09-D34B3FD28F78}.Release|Any CPU.ActiveCfg = Release|Any CPU
		{646B8ACE-F3DC-4EAF-9B09-D34B3FD28F78}.Release|Any CPU.Build.0 = Release|Any CPU
	EndGlobalSection
	GlobalSection(SolutionProperties) = preSolution
		HideSolutionNode = FALSE
	EndGlobalSection
	GlobalSection(ExtensibilityGlobals) = postSolution
		SolutionGuid = {FCDB35A7-12FA-4E22-8743-6184D382F4D2}
	EndGlobalSection
EndGlobal
