Microsoft Visual Studio Solution File, Format Version 11.00
# Visual Studio 2010
VisualStudioVersion = 12.0.30501.0
MinimumVisualStudioVersion = 10.0.40219.1
Project("{FAE04EC0-301F-11D3-BF4B-00C04F79EFBC}") = "RTFRibbonMini", "RTFRibbonMini\RTFRibbonMini.csproj", "{20E3D200-89ED-48BC-A3E3-5F2B07EED54F}"
EndProject
Global
	GlobalSection(SolutionConfigurationPlatforms) = preSolution
		Debug|Any CPU = Debug|Any CPU
		Release|Any CPU = Release|Any CPU
	EndGlobalSection
	GlobalSection(ProjectConfigurationPlatforms) = postSolution
		{20E3D200-89ED-48BC-A3E3-5F2B07EED54F}.Debug|Any CPU.ActiveCfg = Debug|Any CPU
		{20E3D200-89ED-48BC-A3E3-5F2B07EED54F}.Debug|Any CPU.Build.0 = Debug|Any CPU
		{20E3D200-89ED-48BC-A3E3-5F2B07EED54F}.Release|Any CPU.ActiveCfg = Release|Any CPU
		{20E3D200-89ED-48BC-A3E3-5F2B07EED54F}.Release|Any CPU.Build.0 = Release|Any CPU
	EndGlobalSection
	GlobalSection(SolutionProperties) = preSolution
		HideSolutionNode = FALSE
	EndGlobalSection
EndGlobal
