
Microsoft Visual Studio Solution File, Format Version 12.00
# Visual Studio Version 16
VisualStudioVersion = 16.0.31424.327
MinimumVisualStudioVersion = 10.0.40219.1
Project("{FAE04EC0-301F-11D3-BF4B-00C04F79EFBC}") = "SpreadsheetCustomDraw", "WindowsFormsApp1\SpreadsheetCustomDraw.csproj", "{D2F5F89E-29D8-46B7-AA8F-AD64BF92ED21}"
EndProject
Global
	GlobalSection(SolutionConfigurationPlatforms) = preSolution
		Debug|Any CPU = Debug|Any CPU
		Release|Any CPU = Release|Any CPU
	EndGlobalSection
	GlobalSection(ProjectConfigurationPlatforms) = postSolution
		{D2F5F89E-29D8-46B7-AA8F-AD64BF92ED21}.Debug|Any CPU.ActiveCfg = Debug|Any CPU
		{D2F5F89E-29D8-46B7-AA8F-AD64BF92ED21}.Debug|Any CPU.Build.0 = Debug|Any CPU
		{D2F5F89E-29D8-46B7-AA8F-AD64BF92ED21}.Release|Any CPU.ActiveCfg = Release|Any CPU
		{D2F5F89E-29D8-46B7-AA8F-AD64BF92ED21}.Release|Any CPU.Build.0 = Release|Any CPU
	EndGlobalSection
	GlobalSection(SolutionProperties) = preSolution
		HideSolutionNode = FALSE
	EndGlobalSection
	GlobalSection(ExtensibilityGlobals) = postSolution
		SolutionGuid = {9EB652FD-4B30-4D85-B85D-E65928474CEF}
	EndGlobalSection
EndGlobal
