
Microsoft Visual Studio Solution File, Format Version 12.00
# Visual Studio Version 17
VisualStudioVersion = 17.4.33103.184
MinimumVisualStudioVersion = 10.0.40219.1
Project("{9A19103F-16F7-4668-BE54-9A1E7A4F7556}") = "Rizonesoft.Office.Verbum", "Verbum\Rizonesoft.Office.Verbum.csproj", "{FB1ED637-0E7B-403E-9D58-E498F9165914}"
EndProject
Project("{9A19103F-16F7-4668-BE54-9A1E7A4F7556}") = "OSVersionExtension", "OSVersionExtension\OSVersionExtension.csproj", "{30C8B6F7-9EE3-4E98-94A9-700A04C680F8}"
EndProject
Project("{9A19103F-16F7-4668-BE54-9A1E7A4F7556}") = "Rizonesoft.Office", "Rizonesoft.Office\Rizonesoft.Office.csproj", "{A5FC4296-C458-4E03-A8F9-C799723ED419}"
EndProject
Project("{9A19103F-16F7-4668-BE54-9A1E7A4F7556}") = "Rizonesoft.Office.Sheets", "Sheets\Rizonesoft.Office.Sheets.csproj", "{622DA277-2A07-4D96-AD73-6530801A3B17}"
EndProject
Global
	GlobalSection(SolutionConfigurationPlatforms) = preSolution
		Debug|Any CPU = Debug|Any CPU
		Release|Any CPU = Release|Any CPU
	EndGlobalSection
	GlobalSection(ProjectConfigurationPlatforms) = postSolution
		{FB1ED637-0E7B-403E-9D58-E498F9165914}.Debug|Any CPU.ActiveCfg = Debug|Any CPU
		{FB1ED637-0E7B-403E-9D58-E498F9165914}.Debug|Any CPU.Build.0 = Debug|Any CPU
		{FB1ED637-0E7B-403E-9D58-E498F9165914}.Release|Any CPU.ActiveCfg = Release|Any CPU
		{FB1ED637-0E7B-403E-9D58-E498F9165914}.Release|Any CPU.Build.0 = Release|Any CPU
		{30C8B6F7-9EE3-4E98-94A9-700A04C680F8}.Debug|Any CPU.ActiveCfg = Debug|Any CPU
		{30C8B6F7-9EE3-4E98-94A9-700A04C680F8}.Debug|Any CPU.Build.0 = Debug|Any CPU
		{30C8B6F7-9EE3-4E98-94A9-700A04C680F8}.Release|Any CPU.ActiveCfg = Release|Any CPU
		{30C8B6F7-9EE3-4E98-94A9-700A04C680F8}.Release|Any CPU.Build.0 = Release|Any CPU
		{A5FC4296-C458-4E03-A8F9-C799723ED419}.Debug|Any CPU.ActiveCfg = Debug|Any CPU
		{A5FC4296-C458-4E03-A8F9-C799723ED419}.Debug|Any CPU.Build.0 = Debug|Any CPU
		{A5FC4296-C458-4E03-A8F9-C799723ED419}.Release|Any CPU.ActiveCfg = Release|Any CPU
		{A5FC4296-C458-4E03-A8F9-C799723ED419}.Release|Any CPU.Build.0 = Release|Any CPU
		{622DA277-2A07-4D96-AD73-6530801A3B17}.Debug|Any CPU.ActiveCfg = Debug|Any CPU
		{622DA277-2A07-4D96-AD73-6530801A3B17}.Debug|Any CPU.Build.0 = Debug|Any CPU
		{622DA277-2A07-4D96-AD73-6530801A3B17}.Release|Any CPU.ActiveCfg = Release|Any CPU
		{622DA277-2A07-4D96-AD73-6530801A3B17}.Release|Any CPU.Build.0 = Release|Any CPU
	EndGlobalSection
	GlobalSection(SolutionProperties) = preSolution
		HideSolutionNode = FALSE
	EndGlobalSection
	GlobalSection(ExtensibilityGlobals) = postSolution
		SolutionGuid = {6D092857-950A-4CF2-8AF6-6B8D32331CD4}
	EndGlobalSection
EndGlobal
