
Microsoft Visual Studio Solution File, Format Version 12.00
# Visual Studio Version 17
VisualStudioVersion = 17.4.33103.184
MinimumVisualStudioVersion = 10.0.40219.1
Project("{9A19103F-16F7-4668-BE54-9A1E7A4F7556}") = "Zone", "Zone\Zone.csproj", "{260E9FED-31A7-4043-9CC3-A59CFA6A28DF}"
EndProject
Project("{9A19103F-16F7-4668-BE54-9A1E7A4F7556}") = "Rizonesoft.Office", "Rizonesoft.Office\Rizonesoft.Office.csproj", "{327ED00D-02BD-43C8-B8A3-A4F954E0F085}"
EndProject
Project("{9A19103F-16F7-4668-BE54-9A1E7A4F7556}") = "Scholar", "Scholar\Scholar.csproj", "{32040228-48E8-426D-8BE6-DA8F84D9D083}"
EndProject
Project("{8BC9CEB8-8B4A-11D0-8D11-00A0C91BC942}") = "Rizonesoft.Office.Shell", "Rizonesoft.Office.Shell\Rizonesoft.Office.Shell.vcxproj", "{82878AB9-8BE7-45AF-8046-5120CB88C95D}"
EndProject
Project("{9A19103F-16F7-4668-BE54-9A1E7A4F7556}") = "Verbum", "Verbum\Verbum.csproj", "{C8EAF124-3BCC-416D-95A5-8E9E11ECE1A6}"
EndProject
Project("{9A19103F-16F7-4668-BE54-9A1E7A4F7556}") = "Clock", "Clock\Clock.csproj", "{EBDEBA3E-9CD6-4AC7-9271-04192368C93F}"
EndProject
Project("{9A19103F-16F7-4668-BE54-9A1E7A4F7556}") = "Evaluate", "Evaluate\Evaluate.csproj", "{BDCD82BC-7D32-4095-837C-37FE48EA3BA8}"
EndProject
Project("{9A19103F-16F7-4668-BE54-9A1E7A4F7556}") = "Imagine", "Imagine\Imagine.csproj", "{4BCDF8D8-D204-4F72-A371-A088B819FDAA}"
EndProject
Global
	GlobalSection(SolutionConfigurationPlatforms) = preSolution
		Debug|Any CPU = Debug|Any CPU
		Debug|x64 = Debug|x64
		Debug|x86 = Debug|x86
		Release|Any CPU = Release|Any CPU
		Release|x64 = Release|x64
		Release|x86 = Release|x86
	EndGlobalSection
	GlobalSection(ProjectConfigurationPlatforms) = postSolution
		{260E9FED-31A7-4043-9CC3-A59CFA6A28DF}.Debug|Any CPU.ActiveCfg = Debug|x64
		{260E9FED-31A7-4043-9CC3-A59CFA6A28DF}.Debug|Any CPU.Build.0 = Debug|x64
		{260E9FED-31A7-4043-9CC3-A59CFA6A28DF}.Debug|x64.ActiveCfg = Debug|x64
		{260E9FED-31A7-4043-9CC3-A59CFA6A28DF}.Debug|x64.Build.0 = Debug|x64
		{260E9FED-31A7-4043-9CC3-A59CFA6A28DF}.Debug|x86.ActiveCfg = Debug|x86
		{260E9FED-31A7-4043-9CC3-A59CFA6A28DF}.Debug|x86.Build.0 = Debug|x86
		{260E9FED-31A7-4043-9CC3-A59CFA6A28DF}.Release|Any CPU.ActiveCfg = Release|x64
		{260E9FED-31A7-4043-9CC3-A59CFA6A28DF}.Release|Any CPU.Build.0 = Release|x64
		{260E9FED-31A7-4043-9CC3-A59CFA6A28DF}.Release|x64.ActiveCfg = Release|x64
		{260E9FED-31A7-4043-9CC3-A59CFA6A28DF}.Release|x64.Build.0 = Release|x64
		{260E9FED-31A7-4043-9CC3-A59CFA6A28DF}.Release|x86.ActiveCfg = Release|x86
		{260E9FED-31A7-4043-9CC3-A59CFA6A28DF}.Release|x86.Build.0 = Release|x86
		{327ED00D-02BD-43C8-B8A3-A4F954E0F085}.Debug|Any CPU.ActiveCfg = Debug|x64
		{327ED00D-02BD-43C8-B8A3-A4F954E0F085}.Debug|Any CPU.Build.0 = Debug|x64
		{327ED00D-02BD-43C8-B8A3-A4F954E0F085}.Debug|x64.ActiveCfg = Debug|x64
		{327ED00D-02BD-43C8-B8A3-A4F954E0F085}.Debug|x64.Build.0 = Debug|x64
		{327ED00D-02BD-43C8-B8A3-A4F954E0F085}.Debug|x86.ActiveCfg = Debug|x86
		{327ED00D-02BD-43C8-B8A3-A4F954E0F085}.Debug|x86.Build.0 = Debug|x86
		{327ED00D-02BD-43C8-B8A3-A4F954E0F085}.Release|Any CPU.ActiveCfg = Release|x64
		{327ED00D-02BD-43C8-B8A3-A4F954E0F085}.Release|Any CPU.Build.0 = Release|x64
		{327ED00D-02BD-43C8-B8A3-A4F954E0F085}.Release|x64.ActiveCfg = Release|x64
		{327ED00D-02BD-43C8-B8A3-A4F954E0F085}.Release|x64.Build.0 = Release|x64
		{327ED00D-02BD-43C8-B8A3-A4F954E0F085}.Release|x86.ActiveCfg = Release|x86
		{327ED00D-02BD-43C8-B8A3-A4F954E0F085}.Release|x86.Build.0 = Release|x86
		{32040228-48E8-426D-8BE6-DA8F84D9D083}.Debug|Any CPU.ActiveCfg = Debug|x64
		{32040228-48E8-426D-8BE6-DA8F84D9D083}.Debug|Any CPU.Build.0 = Debug|x64
		{32040228-48E8-426D-8BE6-DA8F84D9D083}.Debug|x64.ActiveCfg = Debug|x64
		{32040228-48E8-426D-8BE6-DA8F84D9D083}.Debug|x64.Build.0 = Debug|x64
		{32040228-48E8-426D-8BE6-DA8F84D9D083}.Debug|x86.ActiveCfg = Debug|x86
		{32040228-48E8-426D-8BE6-DA8F84D9D083}.Debug|x86.Build.0 = Debug|x86
		{32040228-48E8-426D-8BE6-DA8F84D9D083}.Release|Any CPU.ActiveCfg = Release|x64
		{32040228-48E8-426D-8BE6-DA8F84D9D083}.Release|Any CPU.Build.0 = Release|x64
		{32040228-48E8-426D-8BE6-DA8F84D9D083}.Release|x64.ActiveCfg = Release|x64
		{32040228-48E8-426D-8BE6-DA8F84D9D083}.Release|x64.Build.0 = Release|x64
		{32040228-48E8-426D-8BE6-DA8F84D9D083}.Release|x86.ActiveCfg = Release|x86
		{32040228-48E8-426D-8BE6-DA8F84D9D083}.Release|x86.Build.0 = Release|x86
		{82878AB9-8BE7-45AF-8046-5120CB88C95D}.Debug|Any CPU.ActiveCfg = Debug|x64
		{82878AB9-8BE7-45AF-8046-5120CB88C95D}.Debug|Any CPU.Build.0 = Debug|x64
		{82878AB9-8BE7-45AF-8046-5120CB88C95D}.Debug|x64.ActiveCfg = Debug|x64
		{82878AB9-8BE7-45AF-8046-5120CB88C95D}.Debug|x64.Build.0 = Debug|x64
		{82878AB9-8BE7-45AF-8046-5120CB88C95D}.Debug|x86.ActiveCfg = Debug|Win32
		{82878AB9-8BE7-45AF-8046-5120CB88C95D}.Debug|x86.Build.0 = Debug|Win32
		{82878AB9-8BE7-45AF-8046-5120CB88C95D}.Release|Any CPU.ActiveCfg = Release|x64
		{82878AB9-8BE7-45AF-8046-5120CB88C95D}.Release|Any CPU.Build.0 = Release|x64
		{82878AB9-8BE7-45AF-8046-5120CB88C95D}.Release|x64.ActiveCfg = Release|x64
		{82878AB9-8BE7-45AF-8046-5120CB88C95D}.Release|x64.Build.0 = Release|x64
		{82878AB9-8BE7-45AF-8046-5120CB88C95D}.Release|x86.ActiveCfg = Release|Win32
		{82878AB9-8BE7-45AF-8046-5120CB88C95D}.Release|x86.Build.0 = Release|Win32
		{C8EAF124-3BCC-416D-95A5-8E9E11ECE1A6}.Debug|Any CPU.ActiveCfg = Debug|x64
		{C8EAF124-3BCC-416D-95A5-8E9E11ECE1A6}.Debug|Any CPU.Build.0 = Debug|x64
		{C8EAF124-3BCC-416D-95A5-8E9E11ECE1A6}.Debug|x64.ActiveCfg = Debug|x64
		{C8EAF124-3BCC-416D-95A5-8E9E11ECE1A6}.Debug|x64.Build.0 = Debug|x64
		{C8EAF124-3BCC-416D-95A5-8E9E11ECE1A6}.Debug|x86.ActiveCfg = Debug|x86
		{C8EAF124-3BCC-416D-95A5-8E9E11ECE1A6}.Debug|x86.Build.0 = Debug|x86
		{C8EAF124-3BCC-416D-95A5-8E9E11ECE1A6}.Release|Any CPU.ActiveCfg = Release|x64
		{C8EAF124-3BCC-416D-95A5-8E9E11ECE1A6}.Release|Any CPU.Build.0 = Release|x64
		{C8EAF124-3BCC-416D-95A5-8E9E11ECE1A6}.Release|x64.ActiveCfg = Release|x64
		{C8EAF124-3BCC-416D-95A5-8E9E11ECE1A6}.Release|x64.Build.0 = Release|x64
		{C8EAF124-3BCC-416D-95A5-8E9E11ECE1A6}.Release|x86.ActiveCfg = Release|x86
		{C8EAF124-3BCC-416D-95A5-8E9E11ECE1A6}.Release|x86.Build.0 = Release|x86
		{EBDEBA3E-9CD6-4AC7-9271-04192368C93F}.Debug|Any CPU.ActiveCfg = Debug|x64
		{EBDEBA3E-9CD6-4AC7-9271-04192368C93F}.Debug|Any CPU.Build.0 = Debug|x64
		{EBDEBA3E-9CD6-4AC7-9271-04192368C93F}.Debug|x64.ActiveCfg = Debug|x64
		{EBDEBA3E-9CD6-4AC7-9271-04192368C93F}.Debug|x64.Build.0 = Debug|x64
		{EBDEBA3E-9CD6-4AC7-9271-04192368C93F}.Debug|x86.ActiveCfg = Debug|x86
		{EBDEBA3E-9CD6-4AC7-9271-04192368C93F}.Debug|x86.Build.0 = Debug|x86
		{EBDEBA3E-9CD6-4AC7-9271-04192368C93F}.Release|Any CPU.ActiveCfg = Release|x64
		{EBDEBA3E-9CD6-4AC7-9271-04192368C93F}.Release|Any CPU.Build.0 = Release|x64
		{EBDEBA3E-9CD6-4AC7-9271-04192368C93F}.Release|x64.ActiveCfg = Release|x64
		{EBDEBA3E-9CD6-4AC7-9271-04192368C93F}.Release|x64.Build.0 = Release|x64
		{EBDEBA3E-9CD6-4AC7-9271-04192368C93F}.Release|x86.ActiveCfg = Release|x86
		{EBDEBA3E-9CD6-4AC7-9271-04192368C93F}.Release|x86.Build.0 = Release|x86
		{BDCD82BC-7D32-4095-837C-37FE48EA3BA8}.Debug|Any CPU.ActiveCfg = Debug|x64
		{BDCD82BC-7D32-4095-837C-37FE48EA3BA8}.Debug|Any CPU.Build.0 = Debug|x64
		{BDCD82BC-7D32-4095-837C-37FE48EA3BA8}.Debug|x64.ActiveCfg = Debug|x64
		{BDCD82BC-7D32-4095-837C-37FE48EA3BA8}.Debug|x64.Build.0 = Debug|x64
		{BDCD82BC-7D32-4095-837C-37FE48EA3BA8}.Debug|x86.ActiveCfg = Debug|x86
		{BDCD82BC-7D32-4095-837C-37FE48EA3BA8}.Debug|x86.Build.0 = Debug|x86
		{BDCD82BC-7D32-4095-837C-37FE48EA3BA8}.Release|Any CPU.ActiveCfg = Release|x64
		{BDCD82BC-7D32-4095-837C-37FE48EA3BA8}.Release|Any CPU.Build.0 = Release|x64
		{BDCD82BC-7D32-4095-837C-37FE48EA3BA8}.Release|x64.ActiveCfg = Release|x64
		{BDCD82BC-7D32-4095-837C-37FE48EA3BA8}.Release|x64.Build.0 = Release|x64
		{BDCD82BC-7D32-4095-837C-37FE48EA3BA8}.Release|x86.ActiveCfg = Release|x86
		{BDCD82BC-7D32-4095-837C-37FE48EA3BA8}.Release|x86.Build.0 = Release|x86
		{4BCDF8D8-D204-4F72-A371-A088B819FDAA}.Debug|Any CPU.ActiveCfg = Debug|x64
		{4BCDF8D8-D204-4F72-A371-A088B819FDAA}.Debug|Any CPU.Build.0 = Debug|x64
		{4BCDF8D8-D204-4F72-A371-A088B819FDAA}.Debug|x64.ActiveCfg = Debug|x64
		{4BCDF8D8-D204-4F72-A371-A088B819FDAA}.Debug|x64.Build.0 = Debug|x64
		{4BCDF8D8-D204-4F72-A371-A088B819FDAA}.Debug|x86.ActiveCfg = Debug|x86
		{4BCDF8D8-D204-4F72-A371-A088B819FDAA}.Debug|x86.Build.0 = Debug|x86
		{4BCDF8D8-D204-4F72-A371-A088B819FDAA}.Release|Any CPU.ActiveCfg = Release|x64
		{4BCDF8D8-D204-4F72-A371-A088B819FDAA}.Release|Any CPU.Build.0 = Release|x64
		{4BCDF8D8-D204-4F72-A371-A088B819FDAA}.Release|x64.ActiveCfg = Release|x64
		{4BCDF8D8-D204-4F72-A371-A088B819FDAA}.Release|x64.Build.0 = Release|x64
		{4BCDF8D8-D204-4F72-A371-A088B819FDAA}.Release|x86.ActiveCfg = Release|x86
		{4BCDF8D8-D204-4F72-A371-A088B819FDAA}.Release|x86.Build.0 = Release|x86
	EndGlobalSection
	GlobalSection(SolutionProperties) = preSolution
		HideSolutionNode = FALSE
	EndGlobalSection
	GlobalSection(ExtensibilityGlobals) = postSolution
		SolutionGuid = {45CD4B82-41FD-4357-B30A-82A264FA7156}
	EndGlobalSection
EndGlobal
