Microsoft Visual Studio Solution File, Format Version 12.00
# Visual Studio 15
VisualStudioVersion = 15.0.27130.2024
MinimumVisualStudioVersion = 10.0.40219.1
Project("{FAE04EC0-301F-11D3-BF4B-00C04F79EFBC}") = "ExportToPDF", "ExportToPDF\ExportToPDF.csproj", "{D22ACDF8-E249-491E-B3D8-39C1B20D198F}"
EndProject
Global
	GlobalSection(SolutionConfigurationPlatforms) = preSolution
		Debug|Any CPU = Debug|Any CPU
		Release|Any CPU = Release|Any CPU
	EndGlobalSection
	GlobalSection(ProjectConfigurationPlatforms) = postSolution
		{D22ACDF8-E249-491E-B3D8-39C1B20D198F}.Debug|Any CPU.ActiveCfg = Debug|Any CPU
		{D22ACDF8-E249-491E-B3D8-39C1B20D198F}.Debug|Any CPU.Build.0 = Debug|Any CPU
		{D22ACDF8-E249-491E-B3D8-39C1B20D198F}.Release|Any CPU.ActiveCfg = Release|Any CPU
		{D22ACDF8-E249-491E-B3D8-39C1B20D198F}.Release|Any CPU.Build.0 = Release|Any CPU
	EndGlobalSection
	GlobalSection(SolutionProperties) = preSolution
		HideSolutionNode = FALSE
	EndGlobalSection
	GlobalSection(ExtensibilityGlobals) = postSolution
		SolutionGuid = {14C59D0C-6C86-4C99-BC52-23F2B1875DA3}
	EndGlobalSection
EndGlobal
